
Microsoft Visual Studio Solution File, Format Version 12.00
# Visual Studio Version 17
VisualStudioVersion = 17.0.32014.148
MinimumVisualStudioVersion = 10.0.40219.1
Project("{FAE04EC0-301F-11D3-BF4B-00C04F79EFBC}") = "Lab_3.1_new", "Lab_3.1_new\Lab_3.1_new.csproj", "{B6951E74-DA63-4184-B2FE-9DC7E7AD0337}"
EndProject
Project("{FAE04EC0-301F-11D3-BF4B-00C04F79EFBC}") = "Lab_3_1_2_new", "Lab_3_1_2_new\Lab_3_1_2_new.csproj", "{47DE999F-95CC-461B-91DB-AFD0EB596512}"
EndProject
Project("{FAE04EC0-301F-11D3-BF4B-00C04F79EFBC}") = "Lab_3.2", "Lab_3.2\Lab_3.2.csproj", "{CFC8A44C-166B-46A5-BD8D-E5503A71D5AD}"
EndProject
Project("{FAE04EC0-301F-11D3-BF4B-00C04F79EFBC}") = "Lab_3.3", "Lab_3.3\Lab_3.3.csproj", "{AA32EEDD-8B81-4182-AE18-72F7C01F8928}"
EndProject
Project("{FAE04EC0-301F-11D3-BF4B-00C04F79EFBC}") = "WPF_Lab_1.1_1.2_1.4", "WPF_Lab_1.1\WPF_Lab_1.1_1.2_1.4.csproj", "{A83F1BB2-A007-4C06-9209-014396CF01B5}"
EndProject
Project("{FAE04EC0-301F-11D3-BF4B-00C04F79EFBC}") = "WPF_Lab_1.2", "WPF_Lab_1.2\WPF_Lab_1.2.csproj", "{6686826D-7347-4A47-B5FE-EAFBC3E4829D}"
EndProject
Project("{FAE04EC0-301F-11D3-BF4B-00C04F79EFBC}") = "WpfRoutedEvent_2_1", "WpfRoutedEvent_2_1\WpfRoutedEvent_2_1.csproj", "{4CCED3EC-82D3-4E57-90D0-96F5DE5315AB}"
EndProject
Project("{FAE04EC0-301F-11D3-BF4B-00C04F79EFBC}") = "WpfRoutedEvent_2_2", "WpfRoutedEvent_2_2\WpfRoutedEvent_2_2.csproj", "{1CD2B6EA-9FDE-4125-AB66-109E0C56BAC8}"
EndProject
Project("{FAE04EC0-301F-11D3-BF4B-00C04F79EFBC}") = "UserIn1", "UserIn1\UserIn1.csproj", "{9DD9A0B5-2088-4015-9F7D-0DB926D6ABD0}"
EndProject
Project("{FAE04EC0-301F-11D3-BF4B-00C04F79EFBC}") = "UserIn2_2", "UserIn2_2\UserIn2_2.csproj", "{AD4455D8-8B13-454D-8020-98585F71940B}"
EndProject
Project("{FAE04EC0-301F-11D3-BF4B-00C04F79EFBC}") = "UserIn3", "UserIn3\UserIn3.csproj", "{59B492C7-63DA-41BC-83B3-6EB5C10570BC}"
EndProject
Global
	GlobalSection(SolutionConfigurationPlatforms) = preSolution
		Debug|Any CPU = Debug|Any CPU
		Release|Any CPU = Release|Any CPU
	EndGlobalSection
	GlobalSection(ProjectConfigurationPlatforms) = postSolution
		{B6951E74-DA63-4184-B2FE-9DC7E7AD0337}.Debug|Any CPU.ActiveCfg = Debug|Any CPU
		{B6951E74-DA63-4184-B2FE-9DC7E7AD0337}.Debug|Any CPU.Build.0 = Debug|Any CPU
		{B6951E74-DA63-4184-B2FE-9DC7E7AD0337}.Release|Any CPU.ActiveCfg = Release|Any CPU
		{B6951E74-DA63-4184-B2FE-9DC7E7AD0337}.Release|Any CPU.Build.0 = Release|Any CPU
		{47DE999F-95CC-461B-91DB-AFD0EB596512}.Debug|Any CPU.ActiveCfg = Debug|Any CPU
		{47DE999F-95CC-461B-91DB-AFD0EB596512}.Debug|Any CPU.Build.0 = Debug|Any CPU
		{47DE999F-95CC-461B-91DB-AFD0EB596512}.Release|Any CPU.ActiveCfg = Release|Any CPU
		{47DE999F-95CC-461B-91DB-AFD0EB596512}.Release|Any CPU.Build.0 = Release|Any CPU
		{CFC8A44C-166B-46A5-BD8D-E5503A71D5AD}.Debug|Any CPU.ActiveCfg = Debug|Any CPU
		{CFC8A44C-166B-46A5-BD8D-E5503A71D5AD}.Debug|Any CPU.Build.0 = Debug|Any CPU
		{CFC8A44C-166B-46A5-BD8D-E5503A71D5AD}.Release|Any CPU.ActiveCfg = Release|Any CPU
		{CFC8A44C-166B-46A5-BD8D-E5503A71D5AD}.Release|Any CPU.Build.0 = Release|Any CPU
		{AA32EEDD-8B81-4182-AE18-72F7C01F8928}.Debug|Any CPU.ActiveCfg = Debug|Any CPU
		{AA32EEDD-8B81-4182-AE18-72F7C01F8928}.Debug|Any CPU.Build.0 = Debug|Any CPU
		{AA32EEDD-8B81-4182-AE18-72F7C01F8928}.Release|Any CPU.ActiveCfg = Release|Any CPU
		{AA32EEDD-8B81-4182-AE18-72F7C01F8928}.Release|Any CPU.Build.0 = Release|Any CPU
		{A83F1BB2-A007-4C06-9209-014396CF01B5}.Debug|Any CPU.ActiveCfg = Debug|Any CPU
		{A83F1BB2-A007-4C06-9209-014396CF01B5}.Debug|Any CPU.Build.0 = Debug|Any CPU
		{A83F1BB2-A007-4C06-9209-014396CF01B5}.Release|Any CPU.ActiveCfg = Release|Any CPU
		{A83F1BB2-A007-4C06-9209-014396CF01B5}.Release|Any CPU.Build.0 = Release|Any CPU
		{6686826D-7347-4A47-B5FE-EAFBC3E4829D}.Debug|Any CPU.ActiveCfg = Debug|Any CPU
		{6686826D-7347-4A47-B5FE-EAFBC3E4829D}.Debug|Any CPU.Build.0 = Debug|Any CPU
		{6686826D-7347-4A47-B5FE-EAFBC3E4829D}.Release|Any CPU.ActiveCfg = Release|Any CPU
		{6686826D-7347-4A47-B5FE-EAFBC3E4829D}.Release|Any CPU.Build.0 = Release|Any CPU
		{4CCED3EC-82D3-4E57-90D0-96F5DE5315AB}.Debug|Any CPU.ActiveCfg = Debug|Any CPU
		{4CCED3EC-82D3-4E57-90D0-96F5DE5315AB}.Debug|Any CPU.Build.0 = Debug|Any CPU
		{4CCED3EC-82D3-4E57-90D0-96F5DE5315AB}.Release|Any CPU.ActiveCfg = Release|Any CPU
		{4CCED3EC-82D3-4E57-90D0-96F5DE5315AB}.Release|Any CPU.Build.0 = Release|Any CPU
		{1CD2B6EA-9FDE-4125-AB66-109E0C56BAC8}.Debug|Any CPU.ActiveCfg = Debug|Any CPU
		{1CD2B6EA-9FDE-4125-AB66-109E0C56BAC8}.Debug|Any CPU.Build.0 = Debug|Any CPU
		{1CD2B6EA-9FDE-4125-AB66-109E0C56BAC8}.Release|Any CPU.ActiveCfg = Release|Any CPU
		{1CD2B6EA-9FDE-4125-AB66-109E0C56BAC8}.Release|Any CPU.Build.0 = Release|Any CPU
		{9DD9A0B5-2088-4015-9F7D-0DB926D6ABD0}.Debug|Any CPU.ActiveCfg = Debug|Any CPU
		{9DD9A0B5-2088-4015-9F7D-0DB926D6ABD0}.Debug|Any CPU.Build.0 = Debug|Any CPU
		{9DD9A0B5-2088-4015-9F7D-0DB926D6ABD0}.Release|Any CPU.ActiveCfg = Release|Any CPU
		{9DD9A0B5-2088-4015-9F7D-0DB926D6ABD0}.Release|Any CPU.Build.0 = Release|Any CPU
		{AD4455D8-8B13-454D-8020-98585F71940B}.Debug|Any CPU.ActiveCfg = Debug|Any CPU
		{AD4455D8-8B13-454D-8020-98585F71940B}.Debug|Any CPU.Build.0 = Debug|Any CPU
		{AD4455D8-8B13-454D-8020-98585F71940B}.Release|Any CPU.ActiveCfg = Release|Any CPU
		{AD4455D8-8B13-454D-8020-98585F71940B}.Release|Any CPU.Build.0 = Release|Any CPU
		{59B492C7-63DA-41BC-83B3-6EB5C10570BC}.Debug|Any CPU.ActiveCfg = Debug|Any CPU
		{59B492C7-63DA-41BC-83B3-6EB5C10570BC}.Debug|Any CPU.Build.0 = Debug|Any CPU
		{59B492C7-63DA-41BC-83B3-6EB5C10570BC}.Release|Any CPU.ActiveCfg = Release|Any CPU
		{59B492C7-63DA-41BC-83B3-6EB5C10570BC}.Release|Any CPU.Build.0 = Release|Any CPU
	EndGlobalSection
	GlobalSection(SolutionProperties) = preSolution
		HideSolutionNode = FALSE
	EndGlobalSection
	GlobalSection(ExtensibilityGlobals) = postSolution
		SolutionGuid = {C54D1760-4FD8-42CF-8532-E05C94019F55}
	EndGlobalSection
EndGlobal
